
Microsoft Visual Studio Solution File, Format Version 12.00
# Visual Studio 15
VisualStudioVersion = 15.0.26124.0
MinimumVisualStudioVersion = 15.0.26124.0
Project("{FAE04EC0-301F-11D3-BF4B-00C04F79EFBC}") = "API", "API\API.csproj", "{EE186CB5-ECD9-4454-8985-3F4F2696E002}"
EndProject
Project("{FAE04EC0-301F-11D3-BF4B-00C04F79EFBC}") = "Core", "Core\Core.csproj", "{54049F4C-00A8-492E-9E1F-4F7E4BCBF8E2}"
EndProject
Project("{FAE04EC0-301F-11D3-BF4B-00C04F79EFBC}") = "Infrastructure", "Infrastructure\Infrastructure.csproj", "{081F4E07-9F61-4B2E-9B73-F391F18B2361}"
EndProject
Global
	GlobalSection(SolutionConfigurationPlatforms) = preSolution
		Debug|Any CPU = Debug|Any CPU
		Debug|x64 = Debug|x64
		Debug|x86 = Debug|x86
		Release|Any CPU = Release|Any CPU
		Release|x64 = Release|x64
		Release|x86 = Release|x86
	EndGlobalSection
	GlobalSection(SolutionProperties) = preSolution
		HideSolutionNode = FALSE
	EndGlobalSection
	GlobalSection(ProjectConfigurationPlatforms) = postSolution
		{EE186CB5-ECD9-4454-8985-3F4F2696E002}.Debug|Any CPU.ActiveCfg = Debug|Any CPU
		{EE186CB5-ECD9-4454-8985-3F4F2696E002}.Debug|Any CPU.Build.0 = Debug|Any CPU
		{EE186CB5-ECD9-4454-8985-3F4F2696E002}.Debug|x64.ActiveCfg = Debug|Any CPU
		{EE186CB5-ECD9-4454-8985-3F4F2696E002}.Debug|x64.Build.0 = Debug|Any CPU
		{EE186CB5-ECD9-4454-8985-3F4F2696E002}.Debug|x86.ActiveCfg = Debug|Any CPU
		{EE186CB5-ECD9-4454-8985-3F4F2696E002}.Debug|x86.Build.0 = Debug|Any CPU
		{EE186CB5-ECD9-4454-8985-3F4F2696E002}.Release|Any CPU.ActiveCfg = Release|Any CPU
		{EE186CB5-ECD9-4454-8985-3F4F2696E002}.Release|Any CPU.Build.0 = Release|Any CPU
		{EE186CB5-ECD9-4454-8985-3F4F2696E002}.Release|x64.ActiveCfg = Release|Any CPU
		{EE186CB5-ECD9-4454-8985-3F4F2696E002}.Release|x64.Build.0 = Release|Any CPU
		{EE186CB5-ECD9-4454-8985-3F4F2696E002}.Release|x86.ActiveCfg = Release|Any CPU
		{EE186CB5-ECD9-4454-8985-3F4F2696E002}.Release|x86.Build.0 = Release|Any CPU
		{2E581FEC-28F2-45A5-B2DE-C1191BF03761}.Debug|Any CPU.ActiveCfg = Debug|Any CPU
		{2E581FEC-28F2-45A5-B2DE-C1191BF03761}.Debug|Any CPU.Build.0 = Debug|Any CPU
		{2E581FEC-28F2-45A5-B2DE-C1191BF03761}.Debug|x64.ActiveCfg = Debug|Any CPU
		{2E581FEC-28F2-45A5-B2DE-C1191BF03761}.Debug|x64.Build.0 = Debug|Any CPU
		{2E581FEC-28F2-45A5-B2DE-C1191BF03761}.Debug|x86.ActiveCfg = Debug|Any CPU
		{2E581FEC-28F2-45A5-B2DE-C1191BF03761}.Debug|x86.Build.0 = Debug|Any CPU
		{2E581FEC-28F2-45A5-B2DE-C1191BF03761}.Release|Any CPU.ActiveCfg = Release|Any CPU
		{2E581FEC-28F2-45A5-B2DE-C1191BF03761}.Release|Any CPU.Build.0 = Release|Any CPU
		{2E581FEC-28F2-45A5-B2DE-C1191BF03761}.Release|x64.ActiveCfg = Release|Any CPU
		{2E581FEC-28F2-45A5-B2DE-C1191BF03761}.Release|x64.Build.0 = Release|Any CPU
		{2E581FEC-28F2-45A5-B2DE-C1191BF03761}.Release|x86.ActiveCfg = Release|Any CPU
		{2E581FEC-28F2-45A5-B2DE-C1191BF03761}.Release|x86.Build.0 = Release|Any CPU
		{5C2B1CEB-16CA-4B7B-894D-7FACB3E57445}.Debug|Any CPU.ActiveCfg = Debug|Any CPU
		{5C2B1CEB-16CA-4B7B-894D-7FACB3E57445}.Debug|Any CPU.Build.0 = Debug|Any CPU
		{5C2B1CEB-16CA-4B7B-894D-7FACB3E57445}.Debug|x64.ActiveCfg = Debug|Any CPU
		{5C2B1CEB-16CA-4B7B-894D-7FACB3E57445}.Debug|x64.Build.0 = Debug|Any CPU
		{5C2B1CEB-16CA-4B7B-894D-7FACB3E57445}.Debug|x86.ActiveCfg = Debug|Any CPU
		{5C2B1CEB-16CA-4B7B-894D-7FACB3E57445}.Debug|x86.Build.0 = Debug|Any CPU
		{5C2B1CEB-16CA-4B7B-894D-7FACB3E57445}.Release|Any CPU.ActiveCfg = Release|Any CPU
		{5C2B1CEB-16CA-4B7B-894D-7FACB3E57445}.Release|Any CPU.Build.0 = Release|Any CPU
		{5C2B1CEB-16CA-4B7B-894D-7FACB3E57445}.Release|x64.ActiveCfg = Release|Any CPU
		{5C2B1CEB-16CA-4B7B-894D-7FACB3E57445}.Release|x64.Build.0 = Release|Any CPU
		{5C2B1CEB-16CA-4B7B-894D-7FACB3E57445}.Release|x86.ActiveCfg = Release|Any CPU
		{5C2B1CEB-16CA-4B7B-894D-7FACB3E57445}.Release|x86.Build.0 = Release|Any CPU
		{54049F4C-00A8-492E-9E1F-4F7E4BCBF8E2}.Debug|Any CPU.ActiveCfg = Debug|Any CPU
		{54049F4C-00A8-492E-9E1F-4F7E4BCBF8E2}.Debug|Any CPU.Build.0 = Debug|Any CPU
		{54049F4C-00A8-492E-9E1F-4F7E4BCBF8E2}.Debug|x64.ActiveCfg = Debug|Any CPU
		{54049F4C-00A8-492E-9E1F-4F7E4BCBF8E2}.Debug|x64.Build.0 = Debug|Any CPU
		{54049F4C-00A8-492E-9E1F-4F7E4BCBF8E2}.Debug|x86.ActiveCfg = Debug|Any CPU
		{54049F4C-00A8-492E-9E1F-4F7E4BCBF8E2}.Debug|x86.Build.0 = Debug|Any CPU
		{54049F4C-00A8-492E-9E1F-4F7E4BCBF8E2}.Release|Any CPU.ActiveCfg = Release|Any CPU
		{54049F4C-00A8-492E-9E1F-4F7E4BCBF8E2}.Release|Any CPU.Build.0 = Release|Any CPU
		{54049F4C-00A8-492E-9E1F-4F7E4BCBF8E2}.Release|x64.ActiveCfg = Release|Any CPU
		{54049F4C-00A8-492E-9E1F-4F7E4BCBF8E2}.Release|x64.Build.0 = Release|Any CPU
		{54049F4C-00A8-492E-9E1F-4F7E4BCBF8E2}.Release|x86.ActiveCfg = Release|Any CPU
		{54049F4C-00A8-492E-9E1F-4F7E4BCBF8E2}.Release|x86.Build.0 = Release|Any CPU
		{081F4E07-9F61-4B2E-9B73-F391F18B2361}.Debug|Any CPU.ActiveCfg = Debug|Any CPU
		{081F4E07-9F61-4B2E-9B73-F391F18B2361}.Debug|Any CPU.Build.0 = Debug|Any CPU
		{081F4E07-9F61-4B2E-9B73-F391F18B2361}.Debug|x64.ActiveCfg = Debug|Any CPU
		{081F4E07-9F61-4B2E-9B73-F391F18B2361}.Debug|x64.Build.0 = Debug|Any CPU
		{081F4E07-9F61-4B2E-9B73-F391F18B2361}.Debug|x86.ActiveCfg = Debug|Any CPU
		{081F4E07-9F61-4B2E-9B73-F391F18B2361}.Debug|x86.Build.0 = Debug|Any CPU
		{081F4E07-9F61-4B2E-9B73-F391F18B2361}.Release|Any CPU.ActiveCfg = Release|Any CPU
		{081F4E07-9F61-4B2E-9B73-F391F18B2361}.Release|Any CPU.Build.0 = Release|Any CPU
		{081F4E07-9F61-4B2E-9B73-F391F18B2361}.Release|x64.ActiveCfg = Release|Any CPU
		{081F4E07-9F61-4B2E-9B73-F391F18B2361}.Release|x64.Build.0 = Release|Any CPU
		{081F4E07-9F61-4B2E-9B73-F391F18B2361}.Release|x86.ActiveCfg = Release|Any CPU
		{081F4E07-9F61-4B2E-9B73-F391F18B2361}.Release|x86.Build.0 = Release|Any CPU
	EndGlobalSection
EndGlobal
